
Microsoft Visual Studio Solution File, Format Version 12.00
# Visual Studio Version 16
VisualStudioVersion = 16.0.30320.27
MinimumVisualStudioVersion = 10.0.40219.1
Project("{FAE04EC0-301F-11D3-BF4B-00C04F79EFBC}") = "PlannerApp.client", "PlannerApp.client\PlannerApp.client.csproj", "{88B2337D-F032-4730-BC5A-1FE5EDF7CB64}"
EndProject
Project("{FAE04EC0-301F-11D3-BF4B-00C04F79EFBC}") = "PlannerApp.shared", "PlannerApp.shared\PlannerApp.shared.csproj", "{76E20623-D9C0-4110-9F91-408D700B69BF}"
EndProject
Global
	GlobalSection(SolutionConfigurationPlatforms) = preSolution
		Debug|Any CPU = Debug|Any CPU
		Release|Any CPU = Release|Any CPU
	EndGlobalSection
	GlobalSection(ProjectConfigurationPlatforms) = postSolution
		{88B2337D-F032-4730-BC5A-1FE5EDF7CB64}.Debug|Any CPU.ActiveCfg = Debug|Any CPU
		{88B2337D-F032-4730-BC5A-1FE5EDF7CB64}.Debug|Any CPU.Build.0 = Debug|Any CPU
		{88B2337D-F032-4730-BC5A-1FE5EDF7CB64}.Release|Any CPU.ActiveCfg = Release|Any CPU
		{88B2337D-F032-4730-BC5A-1FE5EDF7CB64}.Release|Any CPU.Build.0 = Release|Any CPU
		{76E20623-D9C0-4110-9F91-408D700B69BF}.Debug|Any CPU.ActiveCfg = Debug|Any CPU
		{76E20623-D9C0-4110-9F91-408D700B69BF}.Debug|Any CPU.Build.0 = Debug|Any CPU
		{76E20623-D9C0-4110-9F91-408D700B69BF}.Release|Any CPU.ActiveCfg = Release|Any CPU
		{76E20623-D9C0-4110-9F91-408D700B69BF}.Release|Any CPU.Build.0 = Release|Any CPU
	EndGlobalSection
	GlobalSection(SolutionProperties) = preSolution
		HideSolutionNode = FALSE
	EndGlobalSection
	GlobalSection(ExtensibilityGlobals) = postSolution
		SolutionGuid = {E1DDC226-0797-4168-8DCE-239F3F2DFA24}
	EndGlobalSection
EndGlobal
